
Microsoft Visual Studio Solution File, Format Version 12.00
# Visual Studio Version 16
VisualStudioVersion = 16.0.30320.27
MinimumVisualStudioVersion = 10.0.40219.1
Project("{FAE04EC0-301F-11D3-BF4B-00C04F79EFBC}") = "contacts", "contacts\contacts.csproj", "{92B3B9CD-4601-48E5-AF1E-FC7C359E4149}"
EndProject
Global
	GlobalSection(SolutionConfigurationPlatforms) = preSolution
		Debug|Any CPU = Debug|Any CPU
		Release|Any CPU = Release|Any CPU
	EndGlobalSection
	GlobalSection(ProjectConfigurationPlatforms) = postSolution
		{92B3B9CD-4601-48E5-AF1E-FC7C359E4149}.Debug|Any CPU.ActiveCfg = Debug|Any CPU
		{92B3B9CD-4601-48E5-AF1E-FC7C359E4149}.Debug|Any CPU.Build.0 = Debug|Any CPU
		{92B3B9CD-4601-48E5-AF1E-FC7C359E4149}.Release|Any CPU.ActiveCfg = Release|Any CPU
		{92B3B9CD-4601-48E5-AF1E-FC7C359E4149}.Release|Any CPU.Build.0 = Release|Any CPU
	EndGlobalSection
	GlobalSection(SolutionProperties) = preSolution
		HideSolutionNode = FALSE
	EndGlobalSection
	GlobalSection(ExtensibilityGlobals) = postSolution
		SolutionGuid = {4C453273-41C4-439F-A737-C6B6A84EBDE5}
	EndGlobalSection
EndGlobal
